
Microsoft Visual Studio Solution File, Format Version 12.00
# Visual Studio Version 16
VisualStudioVersion = 25.0.1706.12
MinimumVisualStudioVersion = 10.0.40219.1
Project("{FAE04EC0-301F-11D3-BF4B-00C04F79EFBC}") = "StudentDatabase", "StudentDatabase.csproj", "{C788830A-7D85-48E8-9970-DD80816A7BA3}"
EndProject
Global
	GlobalSection(SolutionConfigurationPlatforms) = preSolution
		Debug|Any CPU = Debug|Any CPU
		Release|Any CPU = Release|Any CPU
	EndGlobalSection
	GlobalSection(ProjectConfigurationPlatforms) = postSolution
		{C788830A-7D85-48E8-9970-DD80816A7BA3}.Debug|Any CPU.ActiveCfg = Debug|Any CPU
		{C788830A-7D85-48E8-9970-DD80816A7BA3}.Debug|Any CPU.Build.0 = Debug|Any CPU
		{C788830A-7D85-48E8-9970-DD80816A7BA3}.Release|Any CPU.ActiveCfg = Release|Any CPU
		{C788830A-7D85-48E8-9970-DD80816A7BA3}.Release|Any CPU.Build.0 = Release|Any CPU
	EndGlobalSection
	GlobalSection(SolutionProperties) = preSolution
		HideSolutionNode = FALSE
	EndGlobalSection
	GlobalSection(ExtensibilityGlobals) = postSolution
		SolutionGuid = {19B17338-A9AE-4575-84FD-60DDF03D5F49}
	EndGlobalSection
EndGlobal
